<?xml version="1.0" encoding="utf-8"?>
<Project ToolsVersion="4.0" xmlns="http://schemas.microsoft.com/developer/msbuild/2003">
  <ItemGroup>
    <CudaCompile Include="kernel.cu" />
  </ItemGroup>
  <ItemGroup>
    <Filter Include="Header Files">
      <UniqueIdentifier>{9b89e5dc-b5f1-4a0b-9b76-7b11c5f8d5cd}</UniqueIdentifier>
    </Filter>
    <Filter Include="Source Files">
      <UniqueIdentifier>{729c98e7-4635-4781-b34f-a8984a6ae54f}</UniqueIdentifier>
    </Filter>
  </ItemGroup>
  <ItemGroup>
    <ClInclude Include="InPutOutPutModule.h">
      <Filter>Header Files</Filter>
    </ClInclude>
    <ClInclude Include="KMeanModule.h">
      <Filter>Header Files</Filter>
    </ClInclude>
    <ClInclude Include="KMeansInnerMethods.h">
      <Filter>Header Files</Filter>
    </ClInclude>
    <ClInclude Include="MemoryManagerModule.h">
      <Filter>Header Files</Filter>
    </ClInclude>
    <ClInclude Include="MpiSupport.h">
      <Filter>Header Files</Filter>
    </ClInclude>
    <ClInclude Include="CudaSupport.h">
      <Filter>Header Files</Filter>
    </ClInclude>
    <ClInclude Include="ompSupport.h">
      <Filter>Header Files</Filter>
    </ClInclude>
  </ItemGroup>
  <ItemGroup>
    <ClCompile Include="InPutOutPutModule.cpp">
      <Filter>Source Files</Filter>
    </ClCompile>
    <ClCompile Include="KMeanModule.cpp">
      <Filter>Source Files</Filter>
    </ClCompile>
    <ClCompile Include="MainProgramm.cpp">
      <Filter>Source Files</Filter>
    </ClCompile>
    <ClCompile Include="MemoryManagerModule.cpp">
      <Filter>Source Files</Filter>
    </ClCompile>
    <ClCompile Include="MpiSupport.cpp">
      <Filter>Source Files</Filter>
    </ClCompile>
    <ClCompile Include="ompSupport.cpp">
      <Filter>Source Files</Filter>
    </ClCompile>
  </ItemGroup>
</Project>